
Microsoft Visual Studio Solution File, Format Version 12.00
# Visual Studio Version 17
VisualStudioVersion = 17.3.32819.101
MinimumVisualStudioVersion = 10.0.40219.1
Project("{FAE04EC0-301F-11D3-BF4B-00C04F79EFBC}") = "ArkaZilla", "src\ArkaZilla\ArkaZilla.csproj", "{8475E4F1-ABFA-413F-A5B6-1FD3D0D504BA}"
EndProject
Project("{FAE04EC0-301F-11D3-BF4B-00C04F79EFBC}") = "ArkaZilla.Data", "src\ArkaZilla.Data\ArkaZilla.Data.csproj", "{7A2F5C58-BC1B-413E-A87E-C56AF5A194BD}"
EndProject
Project("{FAE04EC0-301F-11D3-BF4B-00C04F79EFBC}") = "ArkaZilla.Tests", "test\ArkaZilla.Tests\ArkaZilla.Tests.csproj", "{E9F70A66-1C95-4709-8C53-0D1BB4A5030B}"
EndProject
Project("{2150E333-8FDC-42A3-9474-1A3956D46DE8}") = "Modules", "Modules", "{4FEE6D82-D1FA-4CE2-A136-0A34AF2828CC}"
EndProject
Project("{FAE04EC0-301F-11D3-BF4B-00C04F79EFBC}") = "ArkaZilla.Module.RoleAssociation", "ArkaZilla.Module.RoleAssociation\ArkaZilla.Module.RoleAssociation.csproj", "{E112528E-72BE-416D-AE8B-D68AE4556A31}"
EndProject
Project("{FAE04EC0-301F-11D3-BF4B-00C04F79EFBC}") = "ArkaZilla.Data.Module.RoleAssociation", "ArkaZilla.Data.Module.RoleAssociation\ArkaZilla.Data.Module.RoleAssociation.csproj", "{AB4BF0AF-4198-4CDE-B2B8-7AE1EF08C003}"
EndProject
Global
		GlobalSection(SolutionConfigurationPlatforms) = preSolution
				Debug|Any CPU = Debug|Any CPU
				Release|Any CPU = Release|Any CPU
		EndGlobalSection
		GlobalSection(ProjectConfigurationPlatforms) = postSolution
				{8475E4F1-ABFA-413F-A5B6-1FD3D0D504BA}.Debug|Any CPU.ActiveCfg = Debug|Any CPU
				{8475E4F1-ABFA-413F-A5B6-1FD3D0D504BA}.Debug|Any CPU.Build.0 = Debug|Any CPU
				{8475E4F1-ABFA-413F-A5B6-1FD3D0D504BA}.Release|Any CPU.ActiveCfg = Release|Any CPU
				{8475E4F1-ABFA-413F-A5B6-1FD3D0D504BA}.Release|Any CPU.Build.0 = Release|Any CPU
				{7A2F5C58-BC1B-413E-A87E-C56AF5A194BD}.Debug|Any CPU.ActiveCfg = Debug|Any CPU
				{7A2F5C58-BC1B-413E-A87E-C56AF5A194BD}.Debug|Any CPU.Build.0 = Debug|Any CPU
				{7A2F5C58-BC1B-413E-A87E-C56AF5A194BD}.Release|Any CPU.ActiveCfg = Release|Any CPU
				{7A2F5C58-BC1B-413E-A87E-C56AF5A194BD}.Release|Any CPU.Build.0 = Release|Any CPU
				{E9F70A66-1C95-4709-8C53-0D1BB4A5030B}.Debug|Any CPU.ActiveCfg = Debug|Any CPU
				{E9F70A66-1C95-4709-8C53-0D1BB4A5030B}.Debug|Any CPU.Build.0 = Debug|Any CPU
				{E9F70A66-1C95-4709-8C53-0D1BB4A5030B}.Release|Any CPU.ActiveCfg = Release|Any CPU
				{E9F70A66-1C95-4709-8C53-0D1BB4A5030B}.Release|Any CPU.Build.0 = Release|Any CPU
			{E112528E-72BE-416D-AE8B-D68AE4556A31}.Debug|Any CPU.ActiveCfg = Debug|Any CPU
			{E112528E-72BE-416D-AE8B-D68AE4556A31}.Debug|Any CPU.Build.0 = Debug|Any CPU
			{E112528E-72BE-416D-AE8B-D68AE4556A31}.Release|Any CPU.ActiveCfg = Release|Any CPU
			{E112528E-72BE-416D-AE8B-D68AE4556A31}.Release|Any CPU.Build.0 = Release|Any CPU
			{AB4BF0AF-4198-4CDE-B2B8-7AE1EF08C003}.Debug|Any CPU.ActiveCfg = Debug|Any CPU
			{AB4BF0AF-4198-4CDE-B2B8-7AE1EF08C003}.Debug|Any CPU.Build.0 = Debug|Any CPU
			{AB4BF0AF-4198-4CDE-B2B8-7AE1EF08C003}.Release|Any CPU.ActiveCfg = Release|Any CPU
			{AB4BF0AF-4198-4CDE-B2B8-7AE1EF08C003}.Release|Any CPU.Build.0 = Release|Any CPU
		EndGlobalSection
		GlobalSection(SolutionProperties) = preSolution
				HideSolutionNode = FALSE
		EndGlobalSection
		GlobalSection(ExtensibilityGlobals) = postSolution
				SolutionGuid = {7F9C8732-3284-405D-93A7-F40D4094F5FE}
		EndGlobalSection
	GlobalSection(NestedProjects) = preSolution
		{E112528E-72BE-416D-AE8B-D68AE4556A31} = {4FEE6D82-D1FA-4CE2-A136-0A34AF2828CC}
		{AB4BF0AF-4198-4CDE-B2B8-7AE1EF08C003} = {4FEE6D82-D1FA-4CE2-A136-0A34AF2828CC}
	EndGlobalSection
EndGlobal
